
Microsoft Visual Studio Solution File, Format Version 12.00
# Visual Studio Version 17
VisualStudioVersion = 17.7.34221.43
MinimumVisualStudioVersion = 10.0.40219.1
Project("{FAE04EC0-301F-11D3-BF4B-00C04F79EFBC}") = "Player and Team Requ.irements", "Player and Team Requ.irements.\Player and Team Requ.irements.csproj", "{518CFB5C-767D-4E29-8830-637A0EB74BA0}"
EndProject
Global
	GlobalSection(SolutionConfigurationPlatforms) = preSolution
		Debug|Any CPU = Debug|Any CPU
		Release|Any CPU = Release|Any CPU
	EndGlobalSection
	GlobalSection(ProjectConfigurationPlatforms) = postSolution
		{518CFB5C-767D-4E29-8830-637A0EB74BA0}.Debug|Any CPU.ActiveCfg = Debug|Any CPU
		{518CFB5C-767D-4E29-8830-637A0EB74BA0}.Debug|Any CPU.Build.0 = Debug|Any CPU
		{518CFB5C-767D-4E29-8830-637A0EB74BA0}.Release|Any CPU.ActiveCfg = Release|Any CPU
		{518CFB5C-767D-4E29-8830-637A0EB74BA0}.Release|Any CPU.Build.0 = Release|Any CPU
	EndGlobalSection
	GlobalSection(SolutionProperties) = preSolution
		HideSolutionNode = FALSE
	EndGlobalSection
	GlobalSection(ExtensibilityGlobals) = postSolution
		SolutionGuid = {95EE0018-1002-44F8-9B15-FB9A89099387}
	EndGlobalSection
EndGlobal
